Microsoft Visual Studio Solution File, Format Version 12.00
# Visual Studio Version 17
VisualStudioVersion = 17.5.2.0
MinimumVisualStudioVersion = 10.0.40219.1
Project("{FAE04EC0-301F-11D3-BF4B-00C04F79EFBC}") = "BehaviorTree.Core", "BehaviorTree.Core.csproj", "{A7CBAB30-14D8-2BD6-D6CC-63DB18D01E38}"
EndProject
Global
	GlobalSection(SolutionConfigurationPlatforms) = preSolution
		Debug|Any CPU = Debug|Any CPU
		Release|Any CPU = Release|Any CPU
	EndGlobalSection
	GlobalSection(ProjectConfigurationPlatforms) = postSolution
		{A7CBAB30-14D8-2BD6-D6CC-63DB18D01E38}.Debug|Any CPU.ActiveCfg = Debug|Any CPU
		{A7CBAB30-14D8-2BD6-D6CC-63DB18D01E38}.Debug|Any CPU.Build.0 = Debug|Any CPU
		{A7CBAB30-14D8-2BD6-D6CC-63DB18D01E38}.Release|Any CPU.ActiveCfg = Release|Any CPU
		{A7CBAB30-14D8-2BD6-D6CC-63DB18D01E38}.Release|Any CPU.Build.0 = Release|Any CPU
	EndGlobalSection
	GlobalSection(SolutionProperties) = preSolution
		HideSolutionNode = FALSE
	EndGlobalSection
	GlobalSection(ExtensibilityGlobals) = postSolution
		SolutionGuid = {47608A2B-9D4E-4F7B-9071-866E0D54A9E6}
	EndGlobalSection
EndGlobal
